
Microsoft Visual Studio Solution File, Format Version 12.00
# Visual Studio 15
VisualStudioVersion = 15.0.27130.2027
MinimumVisualStudioVersion = 10.0.40219.1
Project("{FAE04EC0-301F-11D3-BF4B-00C04F79EFBC}") = "Spanzuratoare", "Spanzuratoare\Spanzuratoare.csproj", "{7C0E0789-3F39-402F-804D-FC5E96E2B31A}"
EndProject
Global
	GlobalSection(SolutionConfigurationPlatforms) = preSolution
		Debug|Any CPU = Debug|Any CPU
		Release|Any CPU = Release|Any CPU
	EndGlobalSection
	GlobalSection(ProjectConfigurationPlatforms) = postSolution
		{7C0E0789-3F39-402F-804D-FC5E96E2B31A}.Debug|Any CPU.ActiveCfg = Debug|Any CPU
		{7C0E0789-3F39-402F-804D-FC5E96E2B31A}.Debug|Any CPU.Build.0 = Debug|Any CPU
		{7C0E0789-3F39-402F-804D-FC5E96E2B31A}.Release|Any CPU.ActiveCfg = Release|Any CPU
		{7C0E0789-3F39-402F-804D-FC5E96E2B31A}.Release|Any CPU.Build.0 = Release|Any CPU
	EndGlobalSection
	GlobalSection(SolutionProperties) = preSolution
		HideSolutionNode = FALSE
	EndGlobalSection
	GlobalSection(ExtensibilityGlobals) = postSolution
		SolutionGuid = {5D3F47BF-14FF-4279-8F34-11FA0F54ED59}
	EndGlobalSection
EndGlobal
